
Microsoft Visual Studio Solution File, Format Version 12.00
# Visual Studio Version 16
VisualStudioVersion = 16.0.31729.503
MinimumVisualStudioVersion = 10.0.40219.1
Project("{FAE04EC0-301F-11D3-BF4B-00C04F79EFBC}") = "Ficheros", "Ficheros\Ficheros.csproj", "{5E92B9D0-70E1-4882-8FBC-8B16F15AE937}"
EndProject
Global
	GlobalSection(SolutionConfigurationPlatforms) = preSolution
		Debug|Any CPU = Debug|Any CPU
		Release|Any CPU = Release|Any CPU
	EndGlobalSection
	GlobalSection(ProjectConfigurationPlatforms) = postSolution
		{5E92B9D0-70E1-4882-8FBC-8B16F15AE937}.Debug|Any CPU.ActiveCfg = Debug|Any CPU
		{5E92B9D0-70E1-4882-8FBC-8B16F15AE937}.Debug|Any CPU.Build.0 = Debug|Any CPU
		{5E92B9D0-70E1-4882-8FBC-8B16F15AE937}.Release|Any CPU.ActiveCfg = Release|Any CPU
		{5E92B9D0-70E1-4882-8FBC-8B16F15AE937}.Release|Any CPU.Build.0 = Release|Any CPU
	EndGlobalSection
	GlobalSection(SolutionProperties) = preSolution
		HideSolutionNode = FALSE
	EndGlobalSection
	GlobalSection(ExtensibilityGlobals) = postSolution
		SolutionGuid = {7394C236-E2CA-4A65-9D3A-08259BC48809}
	EndGlobalSection
EndGlobal
